
Microsoft Visual Studio Solution File, Format Version 12.00
# Visual Studio Version 17
VisualStudioVersion = 17.11.35222.181
MinimumVisualStudioVersion = 10.0.40219.1
Project("{FAE04EC0-301F-11D3-BF4B-00C04F79EFBC}") = "HanyoungNuxLib_VX4", "HanyoungNuxLib_VX4\HanyoungNuxLib_VX4.csproj", "{36451987-5D96-45C5-A247-ECA85FC49DBC}"
EndProject
Global
	GlobalSection(SolutionConfigurationPlatforms) = preSolution
		Debug|Any CPU = Debug|Any CPU
		Release|Any CPU = Release|Any CPU
	EndGlobalSection
	GlobalSection(ProjectConfigurationPlatforms) = postSolution
		{36451987-5D96-45C5-A247-ECA85FC49DBC}.Debug|Any CPU.ActiveCfg = Debug|Any CPU
		{36451987-5D96-45C5-A247-ECA85FC49DBC}.Debug|Any CPU.Build.0 = Debug|Any CPU
		{36451987-5D96-45C5-A247-ECA85FC49DBC}.Release|Any CPU.ActiveCfg = Release|Any CPU
		{36451987-5D96-45C5-A247-ECA85FC49DBC}.Release|Any CPU.Build.0 = Release|Any CPU
	EndGlobalSection
	GlobalSection(SolutionProperties) = preSolution
		HideSolutionNode = FALSE
	EndGlobalSection
	GlobalSection(ExtensibilityGlobals) = postSolution
		SolutionGuid = {515CE071-BDD3-4C72-BDA0-DA77B6E2B265}
	EndGlobalSection
EndGlobal
